// !$*UTF8*$!
{
	archiveVersion = 1;
	classes = {
	};
	objectVersion = 46;
	objects = {

/* Begin PBXBuildFile section */
		3F03542B1D10952900DEA065 /* main.m in Sources */ = {isa = PBXBuildFile; fileRef = 3F03542A1D10952900DEA065 /* main.m */; };
		3F03542E1D10952900DEA065 /* AppDelegate.m in Sources */ = {isa = PBXBuildFile; fileRef = 3F03542D1D10952900DEA065 /* AppDelegate.m */; };
		3F0354311D10952900DEA065 /* ViewController.m in Sources */ = {isa = PBXBuildFile; fileRef = 3F0354301D10952900DEA065 /* ViewController.m */; };
		3F0354361D10952900DEA065 /* Assets.xcassets in Resources */ = {isa = PBXBuildFile; fileRef = 3F0354351D10952900DEA065 /* Assets.xcassets */; };
		3F0354391D10952900DEA065 /* LaunchScreen.storyboard in Resources */ = {isa = PBXBuildFile; fileRef = 3F0354371D10952900DEA065 /* LaunchScreen.storyboard */; };
		3F0354411D1099EB00DEA065 /* GoogleService-Info.plist in Resources */ = {isa = PBXBuildFile; fileRef = 3F0354401D1099EB00DEA065 /* GoogleService-Info.plist */; };
		3F0354421D109C0C00DEA065 /* Main.storyboard in Resources */ = {isa = PBXBuildFile; fileRef = 3F0354321D10952900DEA065 /* Main.storyboard */; };
		3F9026CD1D11D6D0002C79F2 /* Logo.png in Resources */ = {isa = PBXBuildFile; fileRef = 3F9026CC1D11D6D0002C79F2 /* Logo.png */; };
		3F9026CF1D11D908002C79F2 /* LogoText.png in Resources */ = {isa = PBXBuildFile; fileRef = 3F9026CE1D11D908002C79F2 /* LogoText.png */; };
		3F9026D11D11DB79002C79F2 /* photo-1439736637365-748f240b24fb.jpeg in Resources */ = {isa = PBXBuildFile; fileRef = 3F9026D01D11DB79002C79F2 /* photo-1439736637365-748f240b24fb.jpeg */; };
		3F9026D31D11E474002C79F2 /* LogoTextBold.png in Resources */ = {isa = PBXBuildFile; fileRef = 3F9026D21D11E474002C79F2 /* LogoTextBold.png */; };
		3F9026D41D11E67D002C79F2 /* Latinotype - Branding-Light.otf in Resources */ = {isa = PBXBuildFile; fileRef = 3F9026C61D11CC19002C79F2 /* Latinotype - Branding-Light.otf */; };
		3F9026D51D11E67D002C79F2 /* Latinotype - Branding-Medium.otf in Resources */ = {isa = PBXBuildFile; fileRef = 3F9026C71D11CC19002C79F2 /* Latinotype - Branding-Medium.otf */; };
		3F9026D61D11E67D002C79F2 /* Latinotype - Branding-Semilight.otf in Resources */ = {isa = PBXBuildFile; fileRef = 3F9026C81D11CC19002C79F2 /* Latinotype - Branding-Semilight.otf */; };
		3F9026D71D11E67D002C79F2 /* Latinotype - Branding-Thin.otf in Resources */ = {isa = PBXBuildFile; fileRef = 3F9026C91D11CC19002C79F2 /* Latinotype - Branding-Thin.otf */; };
		3F9026DA1D11EE9D002C79F2 /* Latinotype - Branding-Black.otf in Resources */ = {isa = PBXBuildFile; fileRef = 3F9026D81D11EE9D002C79F2 /* Latinotype - Branding-Black.otf */; };
		3F9026DB1D11EE9D002C79F2 /* Latinotype - Branding-Bold.otf in Resources */ = {isa = PBXBuildFile; fileRef = 3F9026D91D11EE9D002C79F2 /* Latinotype - Branding-Bold.otf */; };
		3FE9E4651D1EB04100883741 /* UIKit.framework in Frameworks */ = {isa = PBXBuildFile; fileRef = 3FE9E4641D1EB04100883741 /* UIKit.framework */; };
		3FE9E4671D1EB04800883741 /* CoreGraphics.framework in Frameworks */ = {isa = PBXBuildFile; fileRef = 3FE9E4661D1EB04800883741 /* CoreGraphics.framework */; };
		3FE9E4691D1EB04D00883741 /* QuartzCore.framework in Frameworks */ = {isa = PBXBuildFile; fileRef = 3FE9E4681D1EB04D00883741 /* QuartzCore.framework */; };
		3FE9E4751D1EB35700883741 /* BEMAverageLine.m in Sources */ = {isa = PBXBuildFile; fileRef = 3FE9E46C1D1EB35700883741 /* BEMAverageLine.m */; };
		3FE9E4761D1EB35700883741 /* BEMCircle.m in Sources */ = {isa = PBXBuildFile; fileRef = 3FE9E46E1D1EB35700883741 /* BEMCircle.m */; };
		3FE9E4771D1EB35700883741 /* BEMLine.m in Sources */ = {isa = PBXBuildFile; fileRef = 3FE9E4701D1EB35700883741 /* BEMLine.m */; };
		3FE9E4781D1EB35700883741 /* BEMPermanentPopupView.m in Sources */ = {isa = PBXBuildFile; fileRef = 3FE9E4721D1EB35700883741 /* BEMPermanentPopupView.m */; };
		3FE9E4791D1EB35700883741 /* BEMSimpleLineGraphView.m in Sources */ = {isa = PBXBuildFile; fileRef = 3FE9E4741D1EB35700883741 /* BEMSimpleLineGraphView.m */; };
		60400BA3B0E39FCC99A06D5E /* libPods-NETMAPv2.a in Frameworks */ = {isa = PBXBuildFile; fileRef = 316ACCD559EA37575DAB1F44 /* libPods-NETMAPv2.a */; };
/* End PBXBuildFile section */

/* Begin PBXFileReference section */
		316ACCD559EA37575DAB1F44 /* libPods-NETMAPv2.a */ = {isa = PBXFileReference; explicitFileType = archive.ar; includeInIndex = 0; path = "libPods-NETMAPv2.a"; sourceTree = BUILT_PRODUCTS_DIR; };
		3F0354261D10952900DEA065 /* NETMAPv2.app */ = {isa = PBXFileReference; explicitFileType = wrapper.application; includeInIndex = 0; path = NETMAPv2.app; sourceTree = BUILT_PRODUCTS_DIR; };
		3F03542A1D10952900DEA065 /* main.m */ = {isa = PBXFileReference; lastKnownFileType = sourcecode.c.objc; path = main.m; sourceTree = "<group>"; };
		3F03542C1D10952900DEA065 /* AppDelegate.h */ = {isa = PBXFileReference; lastKnownFileType = sourcecode.c.h; path = AppDelegate.h; sourceTree = "<group>"; };
		3F03542D1D10952900DEA065 /* AppDelegate.m */ = {isa = PBXFileReference; lastKnownFileType = sourcecode.c.objc; path = AppDelegate.m; sourceTree = "<group>"; };
		3F03542F1D10952900DEA065 /* ViewController.h */ = {isa = PBXFileReference; lastKnownFileType = sourcecode.c.h; path = ViewController.h; sourceTree = "<group>"; };
		3F0354301D10952900DEA065 /* ViewController.m */ = {isa = PBXFileReference; lastKnownFileType = sourcecode.c.objc; path = ViewController.m; sourceTree = "<group>"; };
		3F0354331D10952900DEA065 /* Base */ = {isa = PBXFileReference; lastKnownFileType = file.storyboard; name = Base; path = Base.lproj/Main.storyboard; sourceTree = "<group>"; };
		3F0354351D10952900DEA065 /* Assets.xcassets */ = {isa = PBXFileReference; lastKnownFileType = folder.assetcatalog; path = Assets.xcassets; sourceTree = "<group>"; };
		3F0354381D10952900DEA065 /* Base */ = {isa = PBXFileReference; lastKnownFileType = file.storyboard; name = Base; path = Base.lproj/LaunchScreen.storyboard; sourceTree = "<group>"; };
		3F03543A1D10952900DEA065 /* Info.plist */ = {isa = PBXFileReference; lastKnownFileType = text.plist.xml; path = Info.plist; sourceTree = "<group>"; };
		3F0354401D1099EB00DEA065 /* GoogleService-Info.plist */ = {isa = PBXFileReference; fileEncoding = 4; lastKnownFileType = text.plist.xml; path = "GoogleService-Info.plist"; sourceTree = "<group>"; };
		3F9026C61D11CC19002C79F2 /* Latinotype - Branding-Light.otf */ = {isa = PBXFileReference; lastKnownFileType = file; path = "Latinotype - Branding-Light.otf"; sourceTree = "<group>"; };
		3F9026C71D11CC19002C79F2 /* Latinotype - Branding-Medium.otf */ = {isa = PBXFileReference; lastKnownFileType = file; path = "Latinotype - Branding-Medium.otf"; sourceTree = "<group>"; };
		3F9026C81D11CC19002C79F2 /* Latinotype - Branding-Semilight.otf */ = {isa = PBXFileReference; lastKnownFileType = file; path = "Latinotype - Branding-Semilight.otf"; sourceTree = "<group>"; };
		3F9026C91D11CC19002C79F2 /* Latinotype - Branding-Thin.otf */ = {isa = PBXFileReference; lastKnownFileType = file; path = "Latinotype - Branding-Thin.otf"; sourceTree = "<group>"; };
		3F9026CC1D11D6D0002C79F2 /* Logo.png */ = {isa = PBXFileReference; lastKnownFileType = image.png; path = Logo.png; sourceTree = "<group>"; };
		3F9026CE1D11D908002C79F2 /* LogoText.png */ = {isa = PBXFileReference; lastKnownFileType = image.png; path = LogoText.png; sourceTree = "<group>"; };
		3F9026D01D11DB79002C79F2 /* photo-1439736637365-748f240b24fb.jpeg */ = {isa = PBXFileReference; lastKnownFileType = image.jpeg; path = "photo-1439736637365-748f240b24fb.jpeg"; sourceTree = "<group>"; };
		3F9026D21D11E474002C79F2 /* LogoTextBold.png */ = {isa = PBXFileReference; lastKnownFileType = image.png; path = LogoTextBold.png; sourceTree = "<group>"; };
		3F9026D81D11EE9D002C79F2 /* Latinotype - Branding-Black.otf */ = {isa = PBXFileReference; lastKnownFileType = file; path = "Latinotype - Branding-Black.otf"; sourceTree = "<group>"; };
		3F9026D91D11EE9D002C79F2 /* Latinotype - Branding-Bold.otf */ = {isa = PBXFileReference; lastKnownFileType = file; path = "Latinotype - Branding-Bold.otf"; sourceTree = "<group>"; };
		3FE9E4641D1EB04100883741 /* UIKit.framework */ = {isa = PBXFileReference; lastKnownFileType = wrapper.framework; name = UIKit.framework; path = System/Library/Frameworks/UIKit.framework; sourceTree = SDKROOT; };
		3FE9E4661D1EB04800883741 /* CoreGraphics.framework */ = {isa = PBXFileReference; lastKnownFileType = wrapper.framework; name = CoreGraphics.framework; path = System/Library/Frameworks/CoreGraphics.framework; sourceTree = SDKROOT; };
		3FE9E4681D1EB04D00883741 /* QuartzCore.framework */ = {isa = PBXFileReference; lastKnownFileType = wrapper.framework; name = QuartzCore.framework; path = System/Library/Frameworks/QuartzCore.framework; sourceTree = SDKROOT; };
		3FE9E46B1D1EB35700883741 /* BEMAverageLine.h */ = {isa = PBXFileReference; fileEncoding = 4; lastKnownFileType = sourcecode.c.h; path = BEMAverageLine.h; sourceTree = "<group>"; };
		3FE9E46C1D1EB35700883741 /* BEMAverageLine.m */ = {isa = PBXFileReference; fileEncoding = 4; lastKnownFileType = sourcecode.c.objc; path = BEMAverageLine.m; sourceTree = "<group>"; };
		3FE9E46D1D1EB35700883741 /* BEMCircle.h */ = {isa = PBXFileReference; fileEncoding = 4; lastKnownFileType = sourcecode.c.h; path = BEMCircle.h; sourceTree = "<group>"; };
		3FE9E46E1D1EB35700883741 /* BEMCircle.m */ = {isa = PBXFileReference; fileEncoding = 4; lastKnownFileType = sourcecode.c.objc; path = BEMCircle.m; sourceTree = "<group>"; };
		3FE9E46F1D1EB35700883741 /* BEMLine.h */ = {isa = PBXFileReference; fileEncoding = 4; lastKnownFileType = sourcecode.c.h; path = BEMLine.h; sourceTree = "<group>"; };
		3FE9E4701D1EB35700883741 /* BEMLine.m */ = {isa = PBXFileReference; fileEncoding = 4; lastKnownFileType = sourcecode.c.objc; path = BEMLine.m; sourceTree = "<group>"; };
		3FE9E4711D1EB35700883741 /* BEMPermanentPopupView.h */ = {isa = PBXFileReference; fileEncoding = 4; lastKnownFileType = sourcecode.c.h; path = BEMPermanentPopupView.h; sourceTree = "<group>"; };
		3FE9E4721D1EB35700883741 /* BEMPermanentPopupView.m */ = {isa = PBXFileReference; fileEncoding = 4; lastKnownFileType = sourcecode.c.objc; path = BEMPermanentPopupView.m; sourceTree = "<group>"; };
		3FE9E4731D1EB35700883741 /* BEMSimpleLineGraphView.h */ = {isa = PBXFileReference; fileEncoding = 4; lastKnownFileType = sourcecode.c.h; path = BEMSimpleLineGraphView.h; sourceTree = "<group>"; };
		3FE9E4741D1EB35700883741 /* BEMSimpleLineGraphView.m */ = {isa = PBXFileReference; fileEncoding = 4; lastKnownFileType = sourcecode.c.objc; path = BEMSimpleLineGraphView.m; sourceTree = "<group>"; };
		4AA4C329202142943DB0E6F9 /* Pods-NETMAPv2.debug.xcconfig */ = {isa = PBXFileReference; includeInIndex = 1; lastKnownFileType = text.xcconfig; name = "Pods-NETMAPv2.debug.xcconfig"; path = "Pods/Target Support Files/Pods-NETMAPv2/Pods-NETMAPv2.debug.xcconfig"; sourceTree = "<group>"; };
		8D84134AF3B6F317CAC36172 /* Pods-NETMAPv2.release.xcconfig */ = {isa = PBXFileReference; includeInIndex = 1; lastKnownFileType = text.xcconfig; name = "Pods-NETMAPv2.release.xcconfig"; path = "Pods/Target Support Files/Pods-NETMAPv2/Pods-NETMAPv2.release.xcconfig"; sourceTree = "<group>"; };
/* End PBXFileReference section */

/* Begin PBXFrameworksBuildPhase section */
		3F0354231D10952900DEA065 /* Frameworks */ = {
			isa = PBXFrameworksBuildPhase;
			buildActionMask = 2147483647;
			files = (
				3FE9E4691D1EB04D00883741 /* QuartzCore.framework in Frameworks */,
				3FE9E4671D1EB04800883741 /* CoreGraphics.framework in Frameworks */,
				3FE9E4651D1EB04100883741 /* UIKit.framework in Frameworks */,
				60400BA3B0E39FCC99A06D5E /* libPods-NETMAPv2.a in Frameworks */,
			);
			runOnlyForDeploymentPostprocessing = 0;
		};
/* End PBXFrameworksBuildPhase section */

/* Begin PBXGroup section */
		3F03541D1D10952900DEA065 = {
			isa = PBXGroup;
			children = (
				3F0354281D10952900DEA065 /* NETMAPv2 */,
				3F0354271D10952900DEA065 /* Products */,
				6EEDCDE246E21155D3F0CAA5 /* Pods */,
				91E14BD6B4BEF459EC99DF7B /* Frameworks */,
			);
			sourceTree = "<group>";
		};
		3F0354271D10952900DEA065 /* Products */ = {
			isa = PBXGroup;
			children = (
				3F0354261D10952900DEA065 /* NETMAPv2.app */,
			);
			name = Products;
			sourceTree = "<group>";
		};
		3F0354281D10952900DEA065 /* NETMAPv2 */ = {
			isa = PBXGroup;
			children = (
				3FE9E46A1D1EB35700883741 /* BEMSimpleLineGraph */,
				3F03542C1D10952900DEA065 /* AppDelegate.h */,
				3F03542D1D10952900DEA065 /* AppDelegate.m */,
				3F03542F1D10952900DEA065 /* ViewController.h */,
				3F0354301D10952900DEA065 /* ViewController.m */,
				3F0354321D10952900DEA065 /* Main.storyboard */,
				3F0354351D10952900DEA065 /* Assets.xcassets */,
				3F0354371D10952900DEA065 /* LaunchScreen.storyboard */,
				3F03543A1D10952900DEA065 /* Info.plist */,
				3F0354401D1099EB00DEA065 /* GoogleService-Info.plist */,
				3F0354291D10952900DEA065 /* Supporting Files */,
			);
			path = NETMAPv2;
			sourceTree = "<group>";
		};
		3F0354291D10952900DEA065 /* Supporting Files */ = {
			isa = PBXGroup;
			children = (
				3F9026D21D11E474002C79F2 /* LogoTextBold.png */,
				3F9026D01D11DB79002C79F2 /* photo-1439736637365-748f240b24fb.jpeg */,
				3F9026CE1D11D908002C79F2 /* LogoText.png */,
				3F9026CC1D11D6D0002C79F2 /* Logo.png */,
				3F9026D81D11EE9D002C79F2 /* Latinotype - Branding-Black.otf */,
				3F9026D91D11EE9D002C79F2 /* Latinotype - Branding-Bold.otf */,
				3F9026C61D11CC19002C79F2 /* Latinotype - Branding-Light.otf */,
				3F9026C71D11CC19002C79F2 /* Latinotype - Branding-Medium.otf */,
				3F9026C81D11CC19002C79F2 /* Latinotype - Branding-Semilight.otf */,
				3F9026C91D11CC19002C79F2 /* Latinotype - Branding-Thin.otf */,
				3F03542A1D10952900DEA065 /* main.m */,
			);
			name = "Supporting Files";
			sourceTree = "<group>";
		};
		3FE9E46A1D1EB35700883741 /* BEMSimpleLineGraph */ = {
			isa = PBXGroup;
			children = (
				3FE9E46B1D1EB35700883741 /* BEMAverageLine.h */,
				3FE9E46C1D1EB35700883741 /* BEMAverageLine.m */,
				3FE9E46D1D1EB35700883741 /* BEMCircle.h */,
				3FE9E46E1D1EB35700883741 /* BEMCircle.m */,
				3FE9E46F1D1EB35700883741 /* BEMLine.h */,
				3FE9E4701D1EB35700883741 /* BEMLine.m */,
				3FE9E4711D1EB35700883741 /* BEMPermanentPopupView.h */,
				3FE9E4721D1EB35700883741 /* BEMPermanentPopupView.m */,
				3FE9E4731D1EB35700883741 /* BEMSimpleLineGraphView.h */,
				3FE9E4741D1EB35700883741 /* BEMSimpleLineGraphView.m */,
			);
			path = BEMSimpleLineGraph;
			sourceTree = "<group>";
		};
		6EEDCDE246E21155D3F0CAA5 /* Pods */ = {
			isa = PBXGroup;
			children = (
				4AA4C329202142943DB0E6F9 /* Pods-NETMAPv2.debug.xcconfig */,
				8D84134AF3B6F317CAC36172 /* Pods-NETMAPv2.release.xcconfig */,
			);
			name = Pods;
			sourceTree = "<group>";
		};
		91E14BD6B4BEF459EC99DF7B /* Frameworks */ = {
			isa = PBXGroup;
			children = (
				3FE9E4681D1EB04D00883741 /* QuartzCore.framework */,
				3FE9E4661D1EB04800883741 /* CoreGraphics.framework */,
				3FE9E4641D1EB04100883741 /* UIKit.framework */,
				316ACCD559EA37575DAB1F44 /* libPods-NETMAPv2.a */,
			);
			name = Frameworks;
			sourceTree = "<group>";
		};
/* End PBXGroup section */

/* Begin PBXNativeTarget section */
		3F0354251D10952900DEA065 /* NETMAPv2 */ = {
			isa = PBXNativeTarget;
			buildConfigurationList = 3F03543D1D10952900DEA065 /* Build configuration list for PBXNativeTarget "NETMAPv2" */;
			buildPhases = (
				9D91F3C9858A8D968AC0525D /* [CP] Check Pods Manifest.lock */,
				3F0354221D10952900DEA065 /* Sources */,
				3F0354231D10952900DEA065 /* Frameworks */,
				3F0354241D10952900DEA065 /* Resources */,
				D607096038D96D92672299AD /* [CP] Embed Pods Frameworks */,
				C80F444E22CDBF958C4D3038 /* [CP] Copy Pods Resources */,
			);
			buildRules = (
			);
			dependencies = (
			);
			name = NETMAPv2;
			productName = NETMAPv2;
			productReference = 3F0354261D10952900DEA065 /* NETMAPv2.app */;
			productType = "com.apple.product-type.application";
		};
/* End PBXNativeTarget section */

/* Begin PBXProject section */
		3F03541E1D10952900DEA065 /* Project object */ = {
			isa = PBXProject;
			attributes = {
				LastUpgradeCheck = 0730;
				ORGANIZATIONNAME = "Rod Matveev";
				TargetAttributes = {
					3F0354251D10952900DEA065 = {
						CreatedOnToolsVersion = 7.3;
						DevelopmentTeam = D5F6WJW852;
					};
				};
			};
			buildConfigurationList = 3F0354211D10952900DEA065 /* Build configuration list for PBXProject "NETMAPv2" */;
			compatibilityVersion = "Xcode 3.2";
			developmentRegion = English;
			hasScannedForEncodings = 0;
			knownRegions = (
				en,
				Base,
			);
			mainGroup = 3F03541D1D10952900DEA065;
			productRefGroup = 3F0354271D10952900DEA065 /* Products */;
			projectDirPath = "";
			projectRoot = "";
			targets = (
				3F0354251D10952900DEA065 /* NETMAPv2 */,
			);
		};
/* End PBXProject section */

/* Begin PBXResourcesBuildPhase section */
		3F0354241D10952900DEA065 /* Resources */ = {
			isa = PBXResourcesBuildPhase;
			buildActionMask = 2147483647;
			files = (
				3F9026D41D11E67D002C79F2 /* Latinotype - Branding-Light.otf in Resources */,
				3F9026D51D11E67D002C79F2 /* Latinotype - Branding-Medium.otf in Resources */,
				3F9026D61D11E67D002C79F2 /* Latinotype - Branding-Semilight.otf in Resources */,
				3F9026D71D11E67D002C79F2 /* Latinotype - Branding-Thin.otf in Resources */,
				3F0354421D109C0C00DEA065 /* Main.storyboard in Resources */,
				3F9026CF1D11D908002C79F2 /* LogoText.png in Resources */,
				3F9026DB1D11EE9D002C79F2 /* Latinotype - Branding-Bold.otf in Resources */,
				3F9026D31D11E474002C79F2 /* LogoTextBold.png in Resources */,
				3F0354391D10952900DEA065 /* LaunchScreen.storyboard in Resources */,
				3F9026DA1D11EE9D002C79F2 /* Latinotype - Branding-Black.otf in Resources */,
				3F9026D11D11DB79002C79F2 /* photo-1439736637365-748f240b24fb.jpeg in Resources */,
				3F9026CD1D11D6D0002C79F2 /* Logo.png in Resources */,
				3F0354411D1099EB00DEA065 /* GoogleService-Info.plist in Resources */,
				3F0354361D10952900DEA065 /* Assets.xcassets in Resources */,
			);
			runOnlyForDeploymentPostprocessing = 0;
		};
/* End PBXResourcesBuildPhase section */

/* Begin PBXShellScriptBuildPhase section */
		9D91F3C9858A8D968AC0525D /* [CP] Check Pods Manifest.lock */ = {
			isa = PBXShellScriptBuildPhase;
			buildActionMask = 2147483647;
			files = (
			);
			inputPaths = (
			);
			name = "[CP] Check Pods Manifest.lock";
			outputPaths = (
			);
			runOnlyForDeploymentPostprocessing = 0;
			shellPath = /bin/sh;
			shellScript = "diff \"${PODS_ROOT}/../Podfile.lock\" \"${PODS_ROOT}/Manifest.lock\" > /dev/null\nif [[ $? != 0 ]] ; then\n    cat << EOM\nerror: The sandbox is not in sync with the Podfile.lock. Run 'pod install' or update your CocoaPods installation.\nEOM\n    exit 1\nfi\n";
			showEnvVarsInLog = 0;
		};
		C80F444E22CDBF958C4D3038 /* [CP] Copy Pods Resources */ = {
			isa = PBXShellScriptBuildPhase;
			buildActionMask = 2147483647;
			files = (
			);
			inputPaths = (
			);
			name = "[CP] Copy Pods Resources";
			outputPaths = (
			);
			runOnlyForDeploymentPostprocessing = 0;
			shellPath = /bin/sh;
			shellScript = "\"${SRCROOT}/Pods/Target Support Files/Pods-NETMAPv2/Pods-NETMAPv2-resources.sh\"\n";
			showEnvVarsInLog = 0;
		};
		D607096038D96D92672299AD /* [CP] Embed Pods Frameworks */ = {
			isa = PBXShellScriptBuildPhase;
			buildActionMask = 2147483647;
			files = (
			);
			inputPaths = (
			);
			name = "[CP] Embed Pods Frameworks";
			outputPaths = (
			);
			runOnlyForDeploymentPostprocessing = 0;
			shellPath = /bin/sh;
			shellScript = "\"${SRCROOT}/Pods/Target Support Files/Pods-NETMAPv2/Pods-NETMAPv2-frameworks.sh\"\n";
			showEnvVarsInLog = 0;
		};
/* End PBXShellScriptBuildPhase section */

/* Begin PBXSourcesBuildPhase section */
		3F0354221D10952900DEA065 /* Sources */ = {
			isa = PBXSourcesBuildPhase;
			buildActionMask = 2147483647;
			files = (
				3FE9E4781D1EB35700883741 /* BEMPermanentPopupView.m in Sources */,
				3FE9E4761D1EB35700883741 /* BEMCircle.m in Sources */,
				3F0354311D10952900DEA065 /* ViewController.m in Sources */,
				3FE9E4771D1EB35700883741 /* BEMLine.m in Sources */,
				3F03542E1D10952900DEA065 /* AppDelegate.m in Sources */,
				3FE9E4751D1EB35700883741 /* BEMAverageLine.m in Sources */,
				3FE9E4791D1EB35700883741 /* BEMSimpleLineGraphView.m in Sources */,
				3F03542B1D10952900DEA065 /* main.m in Sources */,
			);
			runOnlyForDeploymentPostprocessing = 0;
		};
/* End PBXSourcesBuildPhase section */

/* Begin PBXVariantGroup section */
		3F0354321D10952900DEA065 /* Main.storyboard */ = {
			isa = PBXVariantGroup;
			children = (
				3F0354331D10952900DEA065 /* Base */,
			);
			name = Main.storyboard;
			sourceTree = "<group>";
		};
		3F0354371D10952900DEA065 /* LaunchScreen.storyboard */ = {
			isa = PBXVariantGroup;
			children = (
				3F0354381D10952900DEA065 /* Base */,
			);
			name = LaunchScreen.storyboard;
			sourceTree = "<group>";
		};
/* End PBXVariantGroup section */

/* Begin XCBuildConfiguration section */
		3F03543B1D10952900DEA065 /* Debug */ = {
			isa = XCBuildConfiguration;
			buildSettings = {
				ALWAYS_SEARCH_USER_PATHS = NO;
				CLANG_ANALYZER_NONNULL = YES;
				CLANG_CXX_LANGUAGE_STANDARD = "gnu++0x";
				CLANG_CXX_LIBRARY = "libc++";
				CLANG_ENABLE_MODULES = YES;
				CLANG_ENABLE_OBJC_ARC = YES;
				CLANG_WARN_BOOL_CONVERSION = YES;
				CLANG_WARN_CONSTANT_CONVERSION = YES;
				CLANG_WARN_DIRECT_OBJC_ISA_USAGE = YES_ERROR;
				CLANG_WARN_EMPTY_BODY = YES;
				CLANG_WARN_ENUM_CONVERSION = YES;
				CLANG_WARN_INT_CONVERSION = YES;
				CLANG_WARN_OBJC_ROOT_CLASS = YES_ERROR;
				CLANG_WARN_UNREACHABLE_CODE = YES;
				CLANG_WARN__DUPLICATE_METHOD_MATCH = YES;
				"CODE_SIGN_IDENTITY[sdk=iphoneos*]" = "iPhone Developer";
				COPY_PHASE_STRIP = NO;
				DEBUG_INFORMATION_FORMAT = dwarf;
				ENABLE_STRICT_OBJC_MSGSEND = YES;
				ENABLE_TESTABILITY = YES;
				GCC_C_LANGUAGE_STANDARD = gnu99;
				GCC_DYNAMIC_NO_PIC = NO;
				GCC_NO_COMMON_BLOCKS = YES;
				GCC_OPTIMIZATION_LEVEL = 0;
				GCC_PREPROCESSOR_DEFINITIONS = (
					"DEBUG=1",
					"$(inherited)",
				);
				GCC_WARN_64_TO_32_BIT_CONVERSION = YES;
				GCC_WARN_ABOUT_RETURN_TYPE = YES_ERROR;
				GCC_WARN_UNDECLARED_SELECTOR = YES;
				GCC_WARN_UNINITIALIZED_AUTOS = YES_AGGRESSIVE;
				GCC_WARN_UNUSED_FUNCTION = YES;
				GCC_WARN_UNUSED_VARIABLE = YES;
				IPHONEOS_DEPLOYMENT_TARGET = 9.3;
				MTL_ENABLE_DEBUG_INFO = YES;
				ONLY_ACTIVE_ARCH = YES;
				SDKROOT = iphoneos;
				TARGETED_DEVICE_FAMILY = 2;
			};
			name = Debug;
		};
		3F03543C1D10952900DEA065 /* Release */ = {
			isa = XCBuildConfiguration;
			buildSettings = {
				ALWAYS_SEARCH_USER_PATHS = NO;
				CLANG_ANALYZER_NONNULL = YES;
				CLANG_CXX_LANGUAGE_STANDARD = "gnu++0x";
				CLANG_CXX_LIBRARY = "libc++";
				CLANG_ENABLE_MODULES = YES;
				CLANG_ENABLE_OBJC_ARC = YES;
				CLANG_WARN_BOOL_CONVERSION = YES;
				CLANG_WARN_CONSTANT_CONVERSION = YES;
				CLANG_WARN_DIRECT_OBJC_ISA_USAGE = YES_ERROR;
				CLANG_WARN_EMPTY_BODY = YES;
				CLANG_WARN_ENUM_CONVERSION = YES;
				CLANG_WARN_INT_CONVERSION = YES;
				CLANG_WARN_OBJC_ROOT_CLASS = YES_ERROR;
				CLANG_WARN_UNREACHABLE_CODE = YES;
				CLANG_WARN__DUPLICATE_METHOD_MATCH = YES;
				"CODE_SIGN_IDENTITY[sdk=iphoneos*]" = "iPhone Developer";
				COPY_PHASE_STRIP = NO;
				DEBUG_INFORMATION_FORMAT = "dwarf-with-dsym";
				ENABLE_NS_ASSERTIONS = NO;
				ENABLE_STRICT_OBJC_MSGSEND = YES;
				GCC_C_LANGUAGE_STANDARD = gnu99;
				GCC_NO_COMMON_BLOCKS = YES;
				GCC_WARN_64_TO_32_BIT_CONVERSION = YES;
				GCC_WARN_ABOUT_RETURN_TYPE = YES_ERROR;
				GCC_WARN_UNDECLARED_SELECTOR = YES;
				GCC_WARN_UNINITIALIZED_AUTOS = YES_AGGRESSIVE;
				GCC_WARN_UNUSED_FUNCTION = YES;
				GCC_WARN_UNUSED_VARIABLE = YES;
				IPHONEOS_DEPLOYMENT_TARGET = 9.3;
				MTL_ENABLE_DEBUG_INFO = NO;
				SDKROOT = iphoneos;
				TARGETED_DEVICE_FAMILY = 2;
				VALIDATE_PRODUCT = YES;
			};
			name = Release;
		};
		3F03543E1D10952900DEA065 /* Debug */ = {
			isa = XCBuildConfiguration;
			baseConfigurationReference = 4AA4C329202142943DB0E6F9 /* Pods-NETMAPv2.debug.xcconfig */;
			buildSettings = {
				ASSETCATALOG_COMPILER_APPICON_NAME = AppIcon;
				CODE_SIGN_IDENTITY = "iPhone Developer";
				INFOPLIST_FILE = NETMAPv2/Info.plist;
				IPHONEOS_DEPLOYMENT_TARGET = 9.0;
				LD_RUNPATH_SEARCH_PATHS = "$(inherited) @executable_path/Frameworks";
				PRODUCT_BUNDLE_IDENTIFIER = RM.NETMAPv2;
				PRODUCT_NAME = "$(TARGET_NAME)";
			};
			name = Debug;
		};
		3F03543F1D10952900DEA065 /* Release */ = {
			isa = XCBuildConfiguration;
			baseConfigurationReference = 8D84134AF3B6F317CAC36172 /* Pods-NETMAPv2.release.xcconfig */;
			buildSettings = {
				ASSETCATALOG_COMPILER_APPICON_NAME = AppIcon;
				CODE_SIGN_IDENTITY = "iPhone Developer";
				INFOPLIST_FILE = NETMAPv2/Info.plist;
				IPHONEOS_DEPLOYMENT_TARGET = 9.0;
				LD_RUNPATH_SEARCH_PATHS = "$(inherited) @executable_path/Frameworks";
				PRODUCT_BUNDLE_IDENTIFIER = RM.NETMAPv2;
				PRODUCT_NAME = "$(TARGET_NAME)";
			};
			name = Release;
		};
/* End XCBuildConfiguration section */

/* Begin XCConfigurationList section */
		3F0354211D10952900DEA065 /* Build configuration list for PBXProject "NETMAPv2" */ = {
			isa = XCConfigurationList;
			buildConfigurations = (
				3F03543B1D10952900DEA065 /* Debug */,
				3F03543C1D10952900DEA065 /* Release */,
			);
			defaultConfigurationIsVisible = 0;
			defaultConfigurationName = Release;
		};
		3F03543D1D10952900DEA065 /* Build configuration list for PBXNativeTarget "NETMAPv2" */ = {
			isa = XCConfigurationList;
			buildConfigurations = (
				3F03543E1D10952900DEA065 /* Debug */,
				3F03543F1D10952900DEA065 /* Release */,
			);
			defaultConfigurationIsVisible = 0;
			defaultConfigurationName = Release;
		};
/* End XCConfigurationList section */
	};
	rootObject = 3F03541E1D10952900DEA065 /* Project object */;
}
